
Microsoft Visual Studio Solution File, Format Version 12.00
# Visual Studio Version 17
VisualStudioVersion = 17.5.33530.505
MinimumVisualStudioVersion = 10.0.40219.1
Project("{FAE04EC0-301F-11D3-BF4B-00C04F79EFBC}") = "imgDisplay", "imgDisplay.csproj", "{FBE3E48C-8E41-4535-B0BF-7DF21367DB65}"
EndProject
Global
	GlobalSection(SolutionConfigurationPlatforms) = preSolution
		Debug|Any CPU = Debug|Any CPU
		Release|Any CPU = Release|Any CPU
	EndGlobalSection
	GlobalSection(ProjectConfigurationPlatforms) = postSolution
		{FBE3E48C-8E41-4535-B0BF-7DF21367DB65}.Debug|Any CPU.ActiveCfg = Debug|Any CPU
		{FBE3E48C-8E41-4535-B0BF-7DF21367DB65}.Debug|Any CPU.Build.0 = Debug|Any CPU
		{FBE3E48C-8E41-4535-B0BF-7DF21367DB65}.Release|Any CPU.ActiveCfg = Release|Any CPU
		{FBE3E48C-8E41-4535-B0BF-7DF21367DB65}.Release|Any CPU.Build.0 = Release|Any CPU
	EndGlobalSection
	GlobalSection(SolutionProperties) = preSolution
		HideSolutionNode = FALSE
	EndGlobalSection
	GlobalSection(ExtensibilityGlobals) = postSolution
		SolutionGuid = {71B0AFE2-0E71-4600-B7F1-3BEDDEAB1354}
	EndGlobalSection
EndGlobal
